Microsoft Visual Studio Solution File, Format Version 12.00
# Visual Studio Version 17
VisualStudioVersion = 17.5.2.0
MinimumVisualStudioVersion = 10.0.40219.1
Project("{FAE04EC0-301F-11D3-BF4B-00C04F79EFBC}") = "ParPal", "ParPal\ParPal.csproj", "{5839134C-44D1-0C20-2F0D-5B02D4826710}"
EndProject
Global
	GlobalSection(SolutionConfigurationPlatforms) = preSolution
		Debug|Any CPU = Debug|Any CPU
		Release|Any CPU = Release|Any CPU
	EndGlobalSection
	GlobalSection(ProjectConfigurationPlatforms) = postSolution
		{5839134C-44D1-0C20-2F0D-5B02D4826710}.Debug|Any CPU.ActiveCfg = Debug|Any CPU
		{5839134C-44D1-0C20-2F0D-5B02D4826710}.Debug|Any CPU.Build.0 = Debug|Any CPU
		{5839134C-44D1-0C20-2F0D-5B02D4826710}.Release|Any CPU.ActiveCfg = Release|Any CPU
		{5839134C-44D1-0C20-2F0D-5B02D4826710}.Release|Any CPU.Build.0 = Release|Any CPU
	EndGlobalSection
	GlobalSection(SolutionProperties) = preSolution
		HideSolutionNode = FALSE
	EndGlobalSection
	GlobalSection(ExtensibilityGlobals) = postSolution
		SolutionGuid = {C2E0B5EC-6161-4392-9E06-467333F68832}
	EndGlobalSection
EndGlobal
